version = 1
revision = 3
requires-python = ">=3.13"
resolution-markers = [
    "python_full_version >= '3.14' and sys_platform == 'darwin'",
    "python_full_version < '3.14' and sys_platform == 'darwin'",
    "python_full_version >= '3.14' and platform_machine == 'aarch64' and sys_platform == 'linux'",
    "python_full_version < '3.14' and platform_machine == 'aarch64' and sys_platform == 'linux'",
    "python_full_version >= '3.14' and sys_platform == 'win32'",
    "python_full_version >= '3.14' and sys_platform == 'emscripten'",
    "(python_full_version >= '3.14' and platform_machine != 'aarch64' and sys_platform == 'linux') or (python_full_version >= '3.14' and sys_platform != 'darwin' and sys_platform != 'emscripten' and sys_platform != 'linux' and sys_platform != 'win32')",
    "python_full_version < '3.14' and sys_platform == 'win32'",
    "python_full_version < '3.14' and sys_platform == 'emscripten'",
    "(python_full_version < '3.14' and platform_machine != 'aarch64' and sys_platform == 'linux') or (python_full_version < '3.14' and sys_platform != 'darwin' and sys_platform != 'emscripten' and sys_platform != 'linux' and sys_platform != 'win32')",
]
conflicts = [[
    { package = "parsing-service", extra = "ocr-cpu" },
    { package = "parsing-service", extra = "ocr-gpu" },
]]

[manifest]
excludes = [
    "opencv-python",
    "opencv-python-headless",
]

[[package]]
name = "accelerate"
version = "1.14.0"
source = { registry = "https://pypi.org/simple" }
dependencies = [
    { name = "huggingface-hub" },
    { name = "numpy" },
    { name = "packaging" },
    { name = "psutil" },
    { name = "pyyaml" },
    { name = "safetensors" },
    { name = "torch", version = "2.9.1", source = { registry = "https://pypi.org/simple" }, marker = "(platform_machine != 'aarch64' and sys_platform == 'linux' and extra == 'extra-15-parsing-service-ocr-gpu') or (sys_platform != 'darwin' and sys_platform != 'emscripten' and sys_platform != 'linux' and sys_platform != 'win32' and extra == 'extra-15-parsing-service-ocr-gpu') or (sys_platform == 'darwin' and extra == 'extra-15-parsing-service-ocr-cpu' and extra == 'extra-15-parsing-service-ocr-gpu') or (sys_platform == 'emscripten' and extra == 'extra-15-parsing-service-ocr-cpu' and extra == 'extra-15-parsing-service-ocr-gpu') or (sys_platform == 'win32' and extra == 'extra-15-parsing-service-ocr-cpu' and extra == 'extra-15-parsing-service-ocr-gpu') or (sys_platform == 'linux' and extra == 'extra-15-parsing-service-ocr-cpu' and extra == 'extra-15-parsing-service-ocr-gpu')" },
    { name = "torch", version = "2.12.1", source = { registry = "https://pypi.org/simple" }, marker = "(platform_machine == 'aarch64' and sys_platform == 'linux') or (platform_machine != 'aarch64' and extra == 'extra-15-parsing-service-ocr-cpu') or (platform_machine != 'aarch64' and extra != 'extra-15-parsing-service-ocr-gpu') or sys_platform == 'darwin' or sys_platform == 'emscripten' or sys_platform == 'win32' or (sys_platform != 'linux' and extra == 'extra-15-parsing-service-ocr-cpu') or (sys_platform != 'linux' and extra != 'extra-15-parsing-service-ocr-gpu')" },
]
sdist = { url = "https://files.pythonhosted.org/packages/8d/75/94cd5d389649578aca399e5aa822637eec18319a1dadc400ffe2f9a7493f/accelerate-1.14.0.tar.gz", hash = "sha256:41b9c4377a54e0b460a959b0defa1b736e4ca0a2373252d9a539964c2afe3c8d", size = 412167, upload-time = "2026-06-11T13:45:52.326Z" }
wheels = [
    { url = "https://files.pythonhosted.org/packages/a8/db/253133d7e7cb40d3af384bb2f5c0b4a2b7fdcffbc95c688cc67a20a3c103/accelerate-1.14.0-py3-none-any.whl", hash = "sha256:e94390c2863b873be18f623f9df48a0d8fe5eff13ea7f1a00092b0a7904888c6", size = 389246, upload-time = "2026-06-11T13:45:50.477Z" },
]

[[package]]
name = "aiohappyeyeballs"
version = "2.6.2"
source = { registry = "https://pypi.org/simple" }
sdist = { url = "https://files.pythonhosted.org/packages/33/c6/61a2d7b7572279226bb2e7f61d7a19ca7c90da0329c93fa0d560cbf288d8/aiohappyeyeballs-2.6.2.tar.gz", hash = "sha256:e202810ee718bd01fc6ef49e8ea53d023d5cb6b581076d7925aa499fa55dbe64", size = 22591, upload-time = "2026-05-20T15:12:24.631Z" }
wheels = [
    { url = "https://files.pythonhosted.org/packages/5f/fc/a7bf5b6e4e617b45f90f2d9d2a68519c249c81dd4fc2658c7a2a61c4f4b7/aiohappyeyeballs-2.6.2-py3-none-any.whl", hash = "sha256:4708045e2d7a6c6bdf8aafa8ed39649eaf926a4543b54560659129e3365953c4", size = 15062, upload-time = "2026-05-20T15:12:23.328Z" },
]

[[package]]
name = "aiohttp"
version = "3.14.1"
source = { registry = "https://pypi.org/simple" }
dependencies = [
    { name = "aiohappyeyeballs" },
    { name = "aiosignal" },
    { name = "attrs" },
    { name = "frozenlist" },
    { name = "multidict" },
    { name = "propcache" },
    { name = "yarl" },
]
sdist = { url = "https://files.pythonhosted.org/packages/82/78/8ea7308cac6934de8c74a14f3d5f65d1c89287426688be79538d0e5c013d/aiohttp-3.14.1.tar.gz", hash = "sha256:307f2cff90a764d329e77040603fa032db89c5c24fdad50c4c15334cba744035", size = 7955794, upload-time = "2026-06-07T21:09:35.529Z" }
wheels = [
    { url = "https://files.pythonhosted.org/packages/bc/97/bd137012dd97e1649162b099135a80e1fd59aaa807b2430fc448d1029aff/aiohttp-3.14.1-cp313-cp313-android_21_arm64_v8a.whl", hash = "sha256:b3a03285a7f9c7b016324574a6d92a1c895da6b978cb8f1deee3ac72bc6da178", size = 506882, upload-time = "2026-06-07T21:07:15.501Z" },
    { url = "https://files.pythonhosted.org/packages/ef/79/e5cc690e9d922a66887ceeaca53a8ffd5a7b0be3816142b7abc433742d89/aiohttp-3.14.1-cp313-cp313-android_21_x86_64.whl", hash = "sha256:2a73f487ab8ef5abbb24b7aa9b73e98eaba9e9e031804ff2416f02eca315ccaf", size = 515270, upload-time = "2026-06-07T21:07:17.53Z" },
    { url = "https://files.pythonhosted.org/packages/fe/22/a73ccbf9dbd6e26dda0b24d5fd5db7da92ee3383a79f47677ffb834c5c5b/aiohttp-3.14.1-cp313-cp313-ios_13_0_arm64_iphoneos.whl", hash = "sha256:915fbb7b41b115192259f8c9ae58f3ddc444d2b5579917270211858e606a4afd", size = 485841, upload-time = "2026-06-07T21:07:19.555Z" },
    { url = "https://files.pythonhosted.org/packages/3b/b9/57ed8eaf596321c2ad747bd480fb1700dbd7177c60dfc9e4c187f629662e/aiohttp-3.14.1-cp313-cp313-ios_13_0_arm64_iphonesimulator.whl", hash = "sha256:7fb4bdf95b0561a79f259f9d28fbc109728c5ee7f27aff6391f0ca703a329abe", size = 492088, upload-time = "2026-06-07T21:07:21.581Z" },
    { url = "https://files.pythonhosted.org/packages/78/c0/5ebe5270a7c140d7c6f79dcb018640225f14d406c149e4eec04a7d82fe71/aiohttp-3.14.1-cp313-cp313-ios_13_0_x86_64_iphonesimulator.whl", hash = "sha256:1b9748363260121d2927704f5d4fc498150669ca3ae93625986ee89c8f80dcd4", size = 501564, upload-time = "2026-06-07T21:07:23.388Z" },
    { url = "https://files.pythonhosted.org/packages/75/7f/8cdaa24fc7983865e0915153b96a9ac5bcdd3548d64c5a27d17cecccad2d/aiohttp-3.14.1-cp313-cp313-macosx_10_13_universal2.whl", hash = "sha256:86a6dab78b0e43e2897a3bbe15745aa60dc5423ca437b7b0b164c069bf91b876", size = 751998, upload-time = "2026-06-07T21:07:25.046Z" },
    { url = "https://files.pythonhosted.org/packages/b2/f4/c4227aacfacc5cb0cc2d119b65301d177912a6842cd64e120c47af76064f/aiohttp-3.14.1-cp313-cp313-macosx_10_13_x86_64.whl", hash = "sha256:4dfd6e47d3c44c2279907607f73a4240b88c69eb8b90da7e2441a8045dfd21da", size = 510918, upload-time = "2026-06-07T21:07:27.28Z" },
    { url = "https://files.pythonhosted.org/packages/ab/01/a2d5f96cd4e74424864d30bc0a7e44d0a12dacdcfa91b5b2d1bd3dca6bf3/aiohttp-3.14.1-cp313-cp313-macosx_11_0_arm64.whl", hash = "sha256:317acd9f8602858dc7d59679812c376c7f0b97bcbbf16e0d6237f54141d8a8a6", size = 508657, upload-time = "2026-06-07T21:07:29.252Z" },
    { url = "https://files.pythonhosted.org/packages/e8/ed/3c0fb5c500fdd8e7ebc10d1889c04384fffa1a9163eac1356088ca9da1b1/aiohttp-3.14.1-cp313-cp313-manylinux2014_aarch64.manylinux_2_17_aarch64.manylinux_2_28_aarch64.whl", hash = "sha256:bd869c427324e5cb15195793de951295710db28be7d818247f3097b4ab5d4b96", size = 1757907, upload-time = "2026-06-07T21:07:31.03Z" },
    { url = "https://files.pythonhosted.org/packages/0b/ab/d4c924d9bd5be3050c226612413ce68cb54c70d2c31b661bfc8d9a5b6a70/aiohttp-3.14.1-cp313-cp313-manylinux2014_armv7l.manylinux_2_17_armv7l.manylinux_2_31_armv7l.whl", hash = "sha256:93b032b5ec3255473c143627d21a69ac74ae12f7f33974cb587c564d11b1066f", size = 1737565, upload-time = "2026-06-07T21:07:33.031Z" },
    { url = "https://files.pythonhosted.org/packages/19/2a/37326821ff779084020cdc33224d20b19f42f4183a500ff92022a739eda7/aiohttp-3.14.1-cp313-cp313-manylinux2014_ppc64le.manylinux_2_17_ppc64le.manylinux_2_28_ppc64le.whl", hash = "sha256:f234b4deb12f3ad59127e037bc57c40c21e45b45282df7d3a55a0f409f595296", size = 1799018, upload-time = "2026-06-07T21:07:35.003Z" },
    { url = "https://files.pythonhosted.org/packages/b3/4f/6e947ba73e4ce09070761c05ed3a8ceb7c21f5e46798671d8b2aac0e4626/aiohttp-3.14.1-cp313-cp313-manylinux2014_s390x.manylinux_2_17_s390x.manylinux_2_28_s390x.whl", hash = "sha256:9af6779bfb46abf124068327abcdf9ce95c9ef8287a3e8da76ccf2d0f16c28fa", size = 1894416, upload-time = "2026-06-07T21:07:36.956Z" },
    { url = "https://files.pythonhosted.org/packages/9d/6e/dbf1d0625dc711fb2851f4f3c3055c39ed58bae92082d8c627dbe6013736/aiohttp-3.14.1-cp313-cp313-manylinux2014_x86_64.manylinux_2_17_x86_64.manylinux_2_28_x86_64.whl", hash = "sha256:faccab372e66bc76d5731525e7f1143c922271725b9d38c9f97edcc66266b451", size = 1783881, upload-time = "2026-06-07T21:07:39.063Z" },
    { url = "https://files.pythonhosted.org/packages/44/c2/5e25098a67268ed369483ae7d1a58bd0a13d03aab860d2a0e4a6eb25b046/aiohttp-3.14.1-cp313-cp313-manylinux_2_31_riscv64.manylinux_2_39_riscv64.whl", hash = "sha256:f380468b09d2a81633ee863b0ec5648d364bd17bb8ecfb8c2f387f7ac1faf42c", size = 1587572, upload-time = "2026-06-07T21:07:41.058Z" },
    { url = "https://files.pythonhosted.org/packages/2a/bd/cf9cee17e140f942a3de73e658a543aa8fbf35a5fc67a9d2538d52d77f0b/aiohttp-3.14.1-cp313-cp313-musllinux_1_2_aarch64.whl", hash = "sha256:97e704dcd26271f5bda3fa07c3ce0fb76d6d3f8659f4baa1a24442cc9ba177ca", size = 1722137, upload-time = "2026-06-07T21:07:43.014Z" },
    { url = "https://files.pythonhosted.org/packages/89/6d/5684f8c59045c96f81a18cefbc1fbbd79d25b88f1c622f2a5c5c08fcb632/aiohttp-3.14.1-cp313-cp313-musllinux_1_2_armv7l.whl", hash = "sha256:269b76ac5394092b95bc4a098f4fc6c191c083c3bd12775d1e30e663132f6a09", size = 1755953, upload-time = "2026-06-07T21:07:45.933Z" },
    { url = "https://files.pythonhosted.org/packages/a8/40/35caf3170f8359760740a7d9aa0fff2e344bef98e1d1186f5a0f6dec17e6/aiohttp-3.14.1-cp313-cp313-musllinux_1_2_ppc64le.whl", hash = "sha256:5c0b3e614340c889d575451696374c9d17affd54cd607ca0babed8f8c37b9397", size = 1766479, upload-time = "2026-06-07T21:07:48.047Z" },
    { url = "https://files.pythonhosted.org/packages/6d/a1/b0c61e7a137f0d81de49a82023a6df73c3c16d6fefb0f8e4a93d21639002/aiohttp-3.14.1-cp313-cp313-musllinux_1_2_riscv64.whl", hash = "sha256:5663ee9257cfa1add7253a7da3035a02f31b6600ec48261585e1800a81533080", size = 1580077, upload-time = "2026-06-07T21:07:50.069Z" },
    { url = "https://files.pythonhosted.org/packages/0b/41/194ea4623693009fcefebef7aef63c141754f153e9cd0d39d3b9e36c175c/aiohttp-3.14.1-cp313-cp313-musllinux_1_2_s390x.whl", hash = "sha256:603a2c834142172ffddc054067f5ec0ca65d57a0aa98a71bc81952573208e345", size = 1791688, upload-time = "2026-06-07T21:07:52.106Z" },
    { url = "https://files.pythonhosted.org/packages/ba/45/4de841f005cfe1fd63e2a2fe011262c515e2a62aa6994b15947e7d717ac9/aiohttp-3.14.1-cp313-cp313-musllinux_1_2_x86_64.whl", hash = "sha256:cb21957bb8aca671c1765e32f58164cf0c50e6bf41c0bbbd16da20732ecaf588", size = 1761094, upload-time = "2026-06-07T21:07:54.113Z" },
    { url = "https://files.pythonhosted.org/packages/e4/ae/dbce10533d3896d544d5053939ed75b7dc31a1b0973d959b1b5ae21028d6/aiohttp-3.14.1-cp313-cp313-win32.whl", hash = "sha256:e509a55f681e6158c20f70f102f9cf61fb20fbc382272bc6d94b7343f2582780", size = 452662, upload-time = "2026-06-07T21:07:56.06Z" },
    { url = "https://files.pythonhosted.org/packages/7b/d9/0bf1a19362c32f06229da5e7ddfcec91f93474d6307f7a2d3135e9c674dc/aiohttp-3.14.1-cp313-cp313-win_amd64.whl", hash = "sha256:1ac8531b638959718e18c2207fbfe297819875da46a740b29dfa29beba64355a", size = 479748, upload-time = "2026-06-07T21:07:58.319Z" },
    { url = "https://files.pythonhosted.org/packages/22/0a/62e7232dc9484fbec112ceb32efb6a624cc7994ec6e2b019286f17c4e8f2/aiohttp-3.14.1-cp313-cp313-win_arm64.whl", hash = "sha256:250d14af67f6b6a1a4a811049b1afa69d61d617fca6bf33149b3ab1a6dbcf7b8", size = 447723, upload-time = "2026-06-07T21:08:00.154Z" },
    { url = "https://files.pythonhosted.org/packages/c4/a1/5fafa04e1ca91ddb47608699d60649c1c6db3cf41c99e78fc4056f9513db/aiohttp-3.14.1-cp314-cp314-android_24_arm64_v8a.whl", hash = "sha256:7c106c26852ca1c2047c6b80384f17100b4e439af276f21ef3d4e2f450ae7e15", size = 508531, upload-time = "2026-06-07T21:08:02.093Z" },
    { url = "https://files.pythonhosted.org/packages/fa/2e/bfa02f699d87ffc86d5959270b28f1cb410add3ccaced8ed2e0b8a5238fc/aiohttp-3.14.1-cp314-cp314-android_24_x86_64.whl", hash = "sha256:20205f7f5ade7aaec9f4b500549bbc071b046453aed72f9c06dcab87896a83e8", size = 514718, upload-time = "2026-06-07T21:08:04.476Z" },
    { url = "https://files.pythonhosted.org/packages/85/a5/9594ad6289eebbc97d167c44213d557807f90e59115caad24de21ad2c3b1/aiohttp-3.14.1-cp314-cp314-ios_13_0_arm64_iphoneos.whl", hash = "sha256:62a759436b29e677181a9e76bab8b8f689a29cb9c535f45f7c48c9c830d3f8c3", size = 487918, upload-time = "2026-06-07T21:08:06.377Z" },
    { url = "https://files.pythonhosted.org/packages/b4/61/16a32c36c3c49edec122a3dc811f2057df2f94d3b14aa107c8017d981618/aiohttp-3.14.1-cp314-cp314-ios_13_0_arm64_iphonesimulator.whl", hash = "sha256:2964cbf553df4d7a57348da44d961d871895fc1ee4e8c322b2a95612c7b17fba", size = 494014, upload-time = "2026-06-07T21:08:08.263Z" },
    { url = "https://files.pythonhosted.org/packages/9b/89/3ebcf96ed99c05bec9c434aaac6963fd3cbab4a786ae739908a144d9ce44/aiohttp-3.14.1-cp314-cp314-ios_13_0_x86_64_iphonesimulator.whl", hash = "sha256:237651caadc3a59badd39319c54642b5299e9cc98a3a194310e55d5bb9f5e397", size = 502398, upload-time = "2026-06-07T21:08:10.244Z" },
    { url = "https://files.pythonhosted.org/packages/fd/3d/b74870a0c2d40c355928cd5b96c7a11fa821b8a40fc41365e64479b151fb/aiohttp-3.14.1-cp314-cp314-macosx_10_15_universal2.whl", hash = "sha256:896e12dfdbbab9d8f7e16d2b28c6769a60126fa92095d1ebf9473d02593a2448", size = 758018, upload-time = "2026-06-07T21:08:12.447Z" },
    { url = "https://files.pythonhosted.org/packages/d3/66/f42f5c984d99e49c6cff5f26f590750f2e2f7ef1fcfb99966ab5be1b632e/aiohttp-3.14.1-cp314-cp314-macosx_10_15_x86_64.whl", hash = "sha256:d03f281ed22579314ba00821ce20115a7c0ac430660b4cc05704a3f818b3e004", size = 512462, upload-time = "2026-06-07T21:08:14.624Z" },
    { url = "https://files.pythonhosted.org/packages/e9/a7/248e1aebe0c7810b0271e021a0f2a5eb6e78a051885b3c9df49f42a5802d/aiohttp-3.14.1-cp314-cp314-macosx_11_0_arm64.whl", hash = "sha256:07eabb979d236335fed927e137a928c9adfb7df3b9ec7aa31726f133a62be983", size = 512824, upload-time = "2026-06-07T21:08:16.572Z" },
    { url = "https://files.pythonhosted.org/packages/26/97/2aa0e5ba0727dc3bd5aaebb7ccbc510f7dfb7fb961ec87497cd496635ab1/aiohttp-3.14.1-cp314-cp314-manylinux2014_aarch64.manylinux_2_17_aarch64.manylinux_2_28_aarch64.whl", hash = "sha256:4fe1f1087cbadb280b5e1bb054a4f00d1423c74d6626c5e48400d871d34ecefe", size = 1749898, upload-time = "2026-06-07T21:08:18.635Z" },
    { url = "https://files.pythonhosted.org/packages/00/8d/e97f6c96c891d457c8479d92a514ba194d0412f981d72c70341ee18488ed/aiohttp-3.14.1-cp314-cp314-manylinux2014_armv7l.manylinux_2_17_armv7l.manylinux_2_31_armv7l.whl", hash = "sha256:367a9314fdc79dab0fac96e216cb41dd73c85bdca85306ce8999118ba7e0f333", size = 1710114, upload-time = "2026-06-07T21:08:20.892Z" },
    { url = "https://files.pythonhosted.org/packages/6f/e6/aa8d7e863048c8fceb5cd6ce74017311cec3ead07847387e12265fb4444e/aiohttp-3.14.1-cp314-cp314-manylinux2014_ppc64le.manylinux_2_17_ppc64le.manylinux_2_28_ppc64le.whl", hash = "sha256:a24f677ebe83749039e7bdf862ff0bbb16818ae4193d4ef96505e269375bcce0", size = 1802541, upload-time = "2026-06-07T21:08:23.044Z" },
    { url = "https://files.pythonhosted.org/packages/83/a8/72193137de57fda4ebfae4563182d082c8856e3b6e9871d0b46f028fb369/aiohttp-3.14.1-cp314-cp314-manylinux2014_s390x.manylinux_2_17_s390x.manylinux_2_28_s390x.whl", hash = "sha256:c83afe0ba876be7e943d2e0ba645809ad441575d2840c895c21ee5de93b9377a", size = 1875776, upload-time = "2026-06-07T21:08:25.288Z" },
    { url = "https://files.pythonhosted.org/packages/a0/18/938441025db6769a3464596b2410af3afde0b21eb2f204c6f766f68af4bd/aiohttp-3.14.1-cp314-cp314-manylinux2014_x86_64.manylinux_2_17_x86_64.manylinux_2_28_x86_64.whl", hash = "sha256:634e385930fb6d2d479cf3aa66515955863b77a5e3c2b5894ca259a25b308602", size = 1760329, upload-time = "2026-06-07T21:08:27.363Z" },
    { url = "https://files.pythonhosted.org/packages/60/29/bf2496b4065e76e09fe48015aaffe5ce161d8f089b06ac6982070f653076/aiohttp-3.14.1-cp314-cp314-manylinux_2_31_riscv64.manylinux_2_39_riscv64.whl", hash = "sha256:eeea07c4397bbc57719c4eed8f9c284874d4f175f9b6d57f7a1546b976d455ca", size = 1587293, upload-time = "2026-06-07T21:08:29.805Z" },
    { url = "https://files.pythonhosted.org/packages/49/a2/2136674d52123b1354bd05dd5753c318db47dc0c927cc70b27bab3755456/aiohttp-3.14.1-cp314-cp314-musllinux_1_2_aarch64.whl", hash = "sha256:335c0cc3e3545ce98dcb9cfcb836f40c3411f43fa03dab757597d80c89af8a35", size = 1714756, upload-time = "2026-06-07T21:08:32.094Z" },
    { url = "https://files.pythonhosted.org/packages/a7/b9/e5fd2e6f915503081c0f9b1e8540947037929c70c191da2e4d54b31a21a1/aiohttp-3.14.1-cp314-cp314-musllinux_1_2_armv7l.whl", hash = "sha256:ae6be797afdef264e8a84864a85b196ca06045586481b3df8a967322fd2fa844", size = 1721052, upload-time = "2026-06-07T21:08:34.167Z" },
    { url = "https://files.pythonhosted.org/packages/63/5a/2833e324a2263e104e31e2e91bc5bbee81bc499afd32203faee048a883f0/aiohttp-3.14.1-cp314-cp314-musllinux_1_2_ppc64le.whl", hash = "sha256:8560b4d712474335d08907db7973f71912d3a9a8f1dee992ec06b5d2fe359496", size = 1766888, upload-time = "2026-06-07T21:08:36.95Z" },
    { url = "https://files.pythonhosted.org/packages/57/fa/dea6511870913162f3b2e8c42a7614eb203a4540b8c2da43e0bfb0548f3c/aiohttp-3.14.1-cp314-cp314-musllinux_1_2_riscv64.whl", hash = "sha256:2b7edd08e0a5deb1e8564a2fcd8f4561014a3f05252334671bbf55ddd47db0e5", size = 1581679, upload-time = "2026-06-07T21:08:39.292Z" },
    { url = "https://files.pythonhosted.org/packages/14/bd/3cf0d55e71784b33534e9710a67d382d900598b4787fbce6cc7317f8c42a/aiohttp-3.14.1-cp314-cp314-musllinux_1_2_s390x.whl", hash = "sha256:b6ff7fcee63287ae57b5df3e4f5957ce032122802509246dec1a5bcc55904c95", size = 1782021, upload-time = "2026-06-07T21:08:41.407Z" },
    { url = "https://files.pythonhosted.org/packages/c1/af/14bb5843eccbe234f4dfb78ab73e549d99727247e62ae5d62cbd22eaf5b0/aiohttp-3.14.1-cp314-cp314-musllinux_1_2_x86_64.whl", hash = "sha256:6ffbb2f4ec1ceaff7e07d43922954da26b223d188bf30658e561b98e23089444", size = 1742574, upload-time = "2026-06-07T21:08:43.795Z" },
    { url = "https://files.pythonhosted.org/packages/f2/1e/fbeb7af9210a67ac0f9c9bec0f8f4568497924e33137a3d5b48e1cf85f3f/aiohttp-3.14.1-cp314-cp314-win32.whl", hash = "sha256:a9875b46d910cff3ea2f5962f9d266b465459fe634e22556ab9bd6fc1192eea0", size = 457773, upload-time = "2026-06-07T21:08:46.168Z" },
    { url = "https://files.pythonhosted.org/packages/f0/2b/13e8d741a9ec5db7d900c060554cf8352ab85e44e2a4469ebb9d377bda17/aiohttp-3.14.1-cp314-cp314-win_amd64.whl", hash = "sha256:af8b4b81a960eeaf1234971ac3cd0ba5901f3cd42eae42a46b4d089a8b492719", size = 485001, upload-time = "2026-06-07T21:08:48.401Z" },
    { url = "https://files.pythonhosted.org/packages/df/30/491acfa2c4d6c3ff59c49a14fc1b50be3241e25bbb0c84c09e2da4d11395/aiohttp-3.14.1-cp314-cp314-win_arm64.whl", hash = "sha256:cf4491381b1b57425c315a56a439251b1bdac07b2275f19a8c44bc57744532ec", size = 453809, up…175927 tokens truncated…-01-10T09:23:28.259Z" },
    { url = "https://files.pythonhosted.org/packages/45/b0/cce3784eb519b7b5ad680d14b9673a31ab8dcb7aad8b64d81709d2430aa8/websockets-16.0-cp314-cp314t-manylinux2014_aarch64.manylinux_2_17_aarch64.manylinux_2_28_aarch64.whl", hash = "sha256:152284a83a00c59b759697b7f9e9cddf4e3c7861dd0d964b472b70f78f89e80e", size = 186501, upload-time = "2026-01-10T09:23:29.449Z" },
    { url = "https://files.pythonhosted.org/packages/19/60/b8ebe4c7e89fb5f6cdf080623c9d92789a53636950f7abacfc33fe2b3135/websockets-16.0-cp314-cp314t-musllinux_1_2_aarch64.whl", hash = "sha256:bc59589ab64b0022385f429b94697348a6a234e8ce22544e3681b2e9331b5944", size = 186062, upload-time = "2026-01-10T09:23:31.368Z" },
    { url = "https://files.pythonhosted.org/packages/88/a8/a080593f89b0138b6cba1b28f8df5673b5506f72879322288b031337c0b8/websockets-16.0-cp314-cp314t-musllinux_1_2_x86_64.whl", hash = "sha256:32da954ffa2814258030e5a57bc73a3635463238e797c7375dc8091327434206", size = 185356, upload-time = "2026-01-10T09:23:32.627Z" },
    { url = "https://files.pythonhosted.org/packages/c2/b6/b9afed2afadddaf5ebb2afa801abf4b0868f42f8539bfe4b071b5266c9fe/websockets-16.0-cp314-cp314t-win32.whl", hash = "sha256:5a4b4cc550cb665dd8a47f868c8d04c8230f857363ad3c9caf7a0c3bf8c61ca6", size = 178085, upload-time = "2026-01-10T09:23:33.816Z" },
    { url = "https://files.pythonhosted.org/packages/9f/3e/28135a24e384493fa804216b79a6a6759a38cc4ff59118787b9fb693df93/websockets-16.0-cp314-cp314t-win_amd64.whl", hash = "sha256:b14dc141ed6d2dde437cddb216004bcac6a1df0935d79656387bd41632ba0bbd", size = 178531, upload-time = "2026-01-10T09:23:35.016Z" },
    { url = "https://files.pythonhosted.org/packages/6f/28/258ebab549c2bf3e64d2b0217b973467394a9cea8c42f70418ca2c5d0d2e/websockets-16.0-py3-none-any.whl", hash = "sha256:1637db62fad1dc833276dded54215f2c7fa46912301a24bd94d45d46a011ceec", size = 171598, upload-time = "2026-01-10T09:23:45.395Z" },
]

[[package]]
name = "xlsxwriter"
version = "3.2.9"
source = { registry = "https://pypi.org/simple" }
sdist = { url = "https://files.pythonhosted.org/packages/46/2c/c06ef49dc36e7954e55b802a8b231770d286a9758b3d936bd1e04ce5ba88/xlsxwriter-3.2.9.tar.gz", hash = "sha256:254b1c37a368c444eac6e2f867405cc9e461b0ed97a3233b2ac1e574efb4140c", size = 215940, upload-time = "2025-09-16T00:16:21.63Z" }
wheels = [
    { url = "https://files.pythonhosted.org/packages/3a/0c/3662f4a66880196a590b202f0db82d919dd2f89e99a27fadef91c4a33d41/xlsxwriter-3.2.9-py3-none-any.whl", hash = "sha256:9a5db42bc5dff014806c58a20b9eae7322a134abb6fce3c92c181bfb275ec5b3", size = 175315, upload-time = "2025-09-16T00:16:20.108Z" },
]

[[package]]
name = "yarl"
version = "1.24.2"
source = { registry = "https://pypi.org/simple" }
dependencies = [
    { name = "idna" },
    { name = "multidict" },
    { name = "propcache" },
]
sdist = { url = "https://files.pythonhosted.org/packages/79/12/1e8f37460ea0f7eb59c221fdaf0ed75e7ac43e97f8093b9c6f411df50a78/yarl-1.24.2.tar.gz", hash = "sha256:9ac374123c6fd7abf64d1fec93962b0bd4ee2c19751755a762a72dd96c0378f8", size = 210798, upload-time = "2026-05-19T21:31:05.599Z" }
wheels = [
    { url = "https://files.pythonhosted.org/packages/82/62/fcf0ce677f17e5c471c06311dd25964be38a4c586993632910d2e75278bc/yarl-1.24.2-cp313-cp313-macosx_10_13_universal2.whl", hash = "sha256:491ac9141decf49ee8030199e1ee251cdff0e131f25678817ff6aa5f837a3536", size = 128978, upload-time = "2026-05-19T21:29:23.83Z" },
    { url = "https://files.pythonhosted.org/packages/d3/58/8e63299bb71ed61a834121d9d3fe6c9fcf2a6a5d09754ff4f20f2d20baf5/yarl-1.24.2-cp313-cp313-macosx_10_13_x86_64.whl", hash = "sha256:e89418f65eda18f99030386305bd44d7d504e328a7945db1ead514fbe03a0607", size = 91733, upload-time = "2026-05-19T21:29:25.375Z" },
    { url = "https://files.pythonhosted.org/packages/c1/24/16748d5dab6daec8b0ed81ccec639a1cded0f18dcc62a4f696b4fe366c37/yarl-1.24.2-cp313-cp313-macosx_11_0_arm64.whl", hash = "sha256:cdfcce633b4a4bb8281913c57fcafd4b5933fbc19111a5e3930bbd299d6102f1", size = 91113, upload-time = "2026-05-19T21:29:26.928Z" },
    { url = "https://files.pythonhosted.org/packages/1b/66/b63fff7b71211e866624b21432d5943cbb633eb0c2872d9ee3070648f22c/yarl-1.24.2-cp313-cp313-manylinux2014_aarch64.manylinux_2_17_aarch64.manylinux_2_28_aarch64.whl", hash = "sha256:863297ddede92ee49024e9a9b11ecb59f310ca85b60d8537f56bed9bbb5b1986", size = 103899, upload-time = "2026-05-19T21:29:28.842Z" },
    { url = "https://files.pythonhosted.org/packages/9d/ac/ba1974b8533909636f7733fe86cf677e3619527c3c2fa913e0ea89c48757/yarl-1.24.2-cp313-cp313-manylinux2014_armv7l.manylinux_2_17_armv7l.manylinux_2_31_armv7l.whl", hash = "sha256:374423f70754a2c96942ede36a29d37dc6b0cb8f92f8d009ddf3ed78d3da5488", size = 97862, upload-time = "2026-05-19T21:29:31.086Z" },
    { url = "https://files.pythonhosted.org/packages/1b/a5/123ac993b5c2ba6f554a140305620cb8f150fa543711bbc49be3ec0a65a4/yarl-1.24.2-cp313-cp313-manylinux2014_ppc64le.manylinux_2_17_ppc64le.manylinux_2_28_ppc64le.whl", hash = "sha256:33a29b5d00ccbf3219bb3e351d7875739c19481e030779f48cc46a7a71681a9b", size = 111060, upload-time = "2026-05-19T21:29:32.657Z" },
    { url = "https://files.pythonhosted.org/packages/23/37/c472d3af3509688392134a88a825276770a187f1daa4de3f6dc0a327a751/yarl-1.24.2-cp313-cp313-manylinux2014_s390x.manylinux_2_17_s390x.manylinux_2_28_s390x.whl", hash = "sha256:a9532c57211730c515341af11fef6e9b61d157487272a096d0c04da445642592", size = 110613, upload-time = "2026-05-19T21:29:34.379Z" },
    { url = "https://files.pythonhosted.org/packages/df/88/09c28dad91e662ccfaa1b78f1c57badde74fc9d0b23e74aef644750ecd73/yarl-1.24.2-cp313-cp313-manylinux2014_x86_64.manylinux_2_17_x86_64.manylinux_2_28_x86_64.whl", hash = "sha256:91e72cf093fd833483a97ee648e0c053c7c629f51ff4a0e7edd84f806b0c5617", size = 107012, upload-time = "2026-05-19T21:29:36.216Z" },
    { url = "https://files.pythonhosted.org/packages/07/ab/9d4f69d571a94f4d112fa7e2e007200f5a54d319f58c82ac7b7baa61f5c6/yarl-1.24.2-cp313-cp313-manylinux_2_31_riscv64.manylinux_2_39_riscv64.whl", hash = "sha256:b3177bc0a768ef3bacceb4f272632990b7bea352f1b2f1eee9d6d6ff16516f92", size = 105887, upload-time = "2026-05-19T21:29:38.746Z" },
    { url = "https://files.pythonhosted.org/packages/8e/9a/000b2b66c0d772a499fc531d21dab92dfeb73b640a12eed6ba89f49bb2d0/yarl-1.24.2-cp313-cp313-musllinux_1_2_aarch64.whl", hash = "sha256:e196952aacaf3b232e265ff02980b64d483dc0972bd49bcb061171ff22ac203a", size = 103620, upload-time = "2026-05-19T21:29:40.368Z" },
    { url = "https://files.pythonhosted.org/packages/41/7c/7c1050f73450fbdaa3f0c72017059f00ce5e13366692f3dba25275a1083d/yarl-1.24.2-cp313-cp313-musllinux_1_2_armv7l.whl", hash = "sha256:204e7a61ce99919c0de1bf904ab5d7aa188a129ea8f690a8f76cfb6e2844dc44", size = 100599, upload-time = "2026-05-19T21:29:42.66Z" },
    { url = "https://files.pythonhosted.org/packages/ec/b1/29e5756b3926705f5f6089bd5b9f50a56eaac550da6e260bf713ead44d04/yarl-1.24.2-cp313-cp313-musllinux_1_2_ppc64le.whl", hash = "sha256:4b156914620f0b9d78dc1adb3751141daee561cfec796088abb89ed49d220f1a", size = 110604, upload-time = "2026-05-19T21:29:44.632Z" },
    { url = "https://files.pythonhosted.org/packages/a3/4b/8415bc96e9b150cde942fbac9a8182985e58f40ce5c54c34ed015407d3ee/yarl-1.24.2-cp313-cp313-musllinux_1_2_riscv64.whl", hash = "sha256:8372a2b976cf70654b2be6619ab6068acabb35f724c0fda7b277fbf53d66a5cf", size = 105161, upload-time = "2026-05-19T21:29:46.755Z" },
    { url = "https://files.pythonhosted.org/packages/8b/d4/cde059abfa229553b7298a2eadde2752e723d50aeedaef86ce59da2718ee/yarl-1.24.2-cp313-cp313-musllinux_1_2_s390x.whl", hash = "sha256:f9a1e9b622ca284143aab5d885848686dcd85453bb1ca9abcdb7503e64dc0056", size = 110619, upload-time = "2026-05-19T21:29:48.972Z" },
    { url = "https://files.pythonhosted.org/packages/e7/2c/d6a6c9a61549f7b6c7e6dc6937d195bcf069582b47b7200dcd0e7b256acf/yarl-1.24.2-cp313-cp313-musllinux_1_2_x86_64.whl", hash = "sha256:810e19b685c8c3c5862f6a38160a1f4e4c0916c9390024ec347b6157a45a0992", size = 107362, upload-time = "2026-05-19T21:29:51Z" },
    { url = "https://files.pythonhosted.org/packages/92/dd/3ae5fe417e9d1c353a548553326eb9935e76b6b727161563b424cc296df3/yarl-1.24.2-cp313-cp313-win_amd64.whl", hash = "sha256:7d37fb7c38f2b6edab0f845c4f85148d4c44204f52bc127021bd2bc9fdbf1656", size = 92667, upload-time = "2026-05-19T21:29:52.743Z" },
    { url = "https://files.pythonhosted.org/packages/10/cc/a7beb239f78f27fca1b053c8e8595e4179c02e62249b4687ec218c370c50/yarl-1.24.2-cp313-cp313-win_arm64.whl", hash = "sha256:1e831894be7c2954240e49791fa4b50c05a0dc881de2552cfe3ffd8631c7f461", size = 87069, upload-time = "2026-05-19T21:29:54.442Z" },
    { url = "https://files.pythonhosted.org/packages/40/0e/e08087695fc12789263821c5dc0f8dc52b5b17efd0887cacf419f8a43ba3/yarl-1.24.2-cp314-cp314-macosx_10_15_universal2.whl", hash = "sha256:f9312b3c02d9b3d23840f67952913c9c8721d7f1b7db305289faefa878f364c2", size = 129670, upload-time = "2026-05-19T21:29:56.631Z" },
    { url = "https://files.pythonhosted.org/packages/3a/98/ab4b5ed1b1b5cd973c8a3eb994c3a6aefb6ce6d399e21bb5f0316c33815c/yarl-1.24.2-cp314-cp314-macosx_10_15_x86_64.whl", hash = "sha256:a4f4d6cd615823bfc7fb7e9b5987c3f41666371d870d51058f77e2680fbe9630", size = 91916, upload-time = "2026-05-19T21:29:58.645Z" },
    { url = "https://files.pythonhosted.org/packages/ba/b1/5297bb6a7df4782f7605bffc43b31f5044070935fbbcaa6c705a07e6ac65/yarl-1.24.2-cp314-cp314-macosx_11_0_arm64.whl", hash = "sha256:0c3063e5c0a8e8e62fae6c2596fa01da1561e4cd1da6fec5789f5cf99a8aefd8", size = 91625, upload-time = "2026-05-19T21:30:00.412Z" },
    { url = "https://files.pythonhosted.org/packages/02/a7/45baabfff76829264e623b185cff0c340d7e11bf3e1cd9ea37e7d17934bd/yarl-1.24.2-cp314-cp314-manylinux2014_aarch64.manylinux_2_17_aarch64.manylinux_2_28_aarch64.whl", hash = "sha256:fecd17873a096036c1c87ab3486f1aef7f269ada7f23f7f856f93b1cc7744f14", size = 104574, upload-time = "2026-05-19T21:30:02.544Z" },
    { url = "https://files.pythonhosted.org/packages/f3/40/3a5ab144d3d650ca37d4f4b57e56169be8af3ca34c448793e064b30baaed/yarl-1.24.2-cp314-cp314-manylinux2014_armv7l.manylinux_2_17_armv7l.manylinux_2_31_armv7l.whl", hash = "sha256:a46d1ab4ba4d32e6dc80daf8a28ce0bd83d08df52fbc32f3e288663427734535", size = 97534, upload-time = "2026-05-19T21:30:04.319Z" },
    { url = "https://files.pythonhosted.org/packages/9c/b5/5658fef3681fb5776b4513b052bec750009f47b3a592251c705d75375798/yarl-1.24.2-cp314-cp314-manylinux2014_ppc64le.manylinux_2_17_ppc64le.manylinux_2_28_ppc64le.whl", hash = "sha256:73e68edf6dfd5f73f9ca127d84e2a6f9213c65bdffb736bda19524c0564fcd14", size = 111481, upload-time = "2026-05-19T21:30:05.988Z" },
    { url = "https://files.pythonhosted.org/packages/4c/06/fdcd7dde037f00866dce123ed4ba23dba94beb56fc4cf561668d27be37f2/yarl-1.24.2-cp314-cp314-manylinux2014_s390x.manylinux_2_17_s390x.manylinux_2_28_s390x.whl", hash = "sha256:a296ca617f2d25fbceafb962b88750d627e5984e75732c712154d058ae8d79a3", size = 111529, upload-time = "2026-05-19T21:30:07.738Z" },
    { url = "https://files.pythonhosted.org/packages/c2/53/d81269aaafccea0d33396c03035de997b743f11e648e6e27a0df99c72980/yarl-1.24.2-cp314-cp314-manylinux2014_x86_64.manylinux_2_17_x86_64.manylinux_2_28_x86_64.whl", hash = "sha256:e51b2cf5ec89a8b8470177641ed62a3ba22d74e1e898e06ad53aa77972487208", size = 107338, upload-time = "2026-05-19T21:30:09.713Z" },
    { url = "https://files.pythonhosted.org/packages/ae/04/23049463f729bd899df203a7960505a75333edd499cda8aa1d5a82b64df5/yarl-1.24.2-cp314-cp314-manylinux_2_31_riscv64.manylinux_2_39_riscv64.whl", hash = "sha256:310fc687f7b2044ec54e372c8cbe923bb88f5c37bded0d3079e5791c2fc3cf50", size = 106147, upload-time = "2026-05-19T21:30:11.365Z" },
    { url = "https://files.pythonhosted.org/packages/14/18/04a4b5830b43ed5e4c5015b40e9f6241ad91487d71611061b4e111d6ac80/yarl-1.24.2-cp314-cp314-musllinux_1_2_aarch64.whl", hash = "sha256:297a2fe352ecf858b30a98f87948746ec16f001d279f84aebdbd3bd965e2f1bd", size = 104272, upload-time = "2026-05-19T21:30:12.978Z" },
    { url = "https://files.pythonhosted.org/packages/5a/f7/8cffdf319aee7a7c1dbd07b61d91c3e3fda460c7a93b5f93e445f3806c4c/yarl-1.24.2-cp314-cp314-musllinux_1_2_armv7l.whl", hash = "sha256:2a263e76b97bc42bdcd7c5f4953dec1f7cd62a1112fa7f869e57255229390d67", size = 99962, upload-time = "2026-05-19T21:30:15.001Z" },
    { url = "https://files.pythonhosted.org/packages/d7/39/b3cce3b7dbef64ac700ad4cea156a207d01bede0f507587616c364b5468e/yarl-1.24.2-cp314-cp314-musllinux_1_2_ppc64le.whl", hash = "sha256:822519b64cf0b474f1a0aaef1dc621438ea46bb77c94df97a5b4d213a7d8a8b1", size = 111063, upload-time = "2026-05-19T21:30:16.683Z" },
    { url = "https://files.pythonhosted.org/packages/a1/ea/100818505e7ebf165c7242ff17fdf7d9fee79e27234aeca871c1082920d7/yarl-1.24.2-cp314-cp314-musllinux_1_2_riscv64.whl", hash = "sha256:b6067060d9dc594899ba83e6db6c48c68d1e494a6dab158156ed86977ca7bcb1", size = 105438, upload-time = "2026-05-19T21:30:18.769Z" },
    { url = "https://files.pythonhosted.org/packages/8f/d2/e075a0b32aa6625087de9e653087df0759fed5de4a435fef594181102a77/yarl-1.24.2-cp314-cp314-musllinux_1_2_s390x.whl", hash = "sha256:0063adad533e57171b79db3943b229d40dfafeeee579767f96541f106bac5f1b", size = 111458, upload-time = "2026-05-19T21:30:21.024Z" },
    { url = "https://files.pythonhosted.org/packages/e6/5c/ceea7ba98b65c8eb8d947fdc52f9bedfcd43c6a57c9e3c90c17be8f324a3/yarl-1.24.2-cp314-cp314-musllinux_1_2_x86_64.whl", hash = "sha256:ee8e3fb34513e8dc082b586ef4910c98335d43a6fab688cd44d4851bacfce3e8", size = 107589, upload-time = "2026-05-19T21:30:23.412Z" },
    { url = "https://files.pythonhosted.org/packages/fa/d9/5582d57e2b2db9b85eb6663a22efdd78e08805f3f5389566e9fcad254d1b/yarl-1.24.2-cp314-cp314-win_amd64.whl", hash = "sha256:afb00d7fd8e0f285ca29a44cc50df2d622ff2f7a6d933fa641577b5f9d5f3db0", size = 94424, upload-time = "2026-05-19T21:30:25.425Z" },
    { url = "https://files.pythonhosted.org/packages/92/10/7dc07a0e22806a9280f42a57361395506e800c64e22737cd7b0886feab42/yarl-1.24.2-cp314-cp314-win_arm64.whl", hash = "sha256:68cf6eacd6028ef1142bc4b48376b81566385ca6f9e7dde3b0fa91be08ffcb57", size = 88690, upload-time = "2026-05-19T21:30:27.623Z" },
    { url = "https://files.pythonhosted.org/packages/9e/13/d5b8e2c8667db955bcb3de233f18798fefe7edf1d7429c2c9d4f9c401114/yarl-1.24.2-cp314-cp314t-macosx_10_15_universal2.whl", hash = "sha256:221ce1dd921ac4f603957f17d7c18c5cc0797fbb52f156941f92e04605d1d67b", size = 136248, upload-time = "2026-05-19T21:30:29.297Z" },
    { url = "https://files.pythonhosted.org/packages/de/46/a4a97c05c9c9b8fd266bb2a0df12992c7fbd02391eb9640583411b6dab32/yarl-1.24.2-cp314-cp314t-macosx_10_15_x86_64.whl", hash = "sha256:5f3224db28173a00d7afacdee07045cc4673dfab2b15492c7ae10deddbece761", size = 95084, upload-time = "2026-05-19T21:30:31.031Z" },
    { url = "https://files.pythonhosted.org/packages/95/b2/845cf2074a015e6fe0d0808cf1a2d9e868386c4220d657ebd8302b199043/yarl-1.24.2-cp314-cp314t-macosx_11_0_arm64.whl", hash = "sha256:c557165320d6244ebe3a02431b2a201a20080e02f41f0cfa0ccc47a183765da8", size = 95272, upload-time = "2026-05-19T21:30:33.062Z" },
    { url = "https://files.pythonhosted.org/packages/fe/16/e69d4aa244aef45235ddfebc0e04036a6829842bc5a6a795aedc6c998d23/yarl-1.24.2-cp314-cp314t-manylinux2014_aarch64.manylinux_2_17_aarch64.manylinux_2_28_aarch64.whl", hash = "sha256:904065e6e85b1fa54d0d87438bd58c14c0bad97aad654ad1077fd9d87e8478ed", size = 101497, upload-time = "2026-05-19T21:30:34.842Z" },
    { url = "https://files.pythonhosted.org/packages/15/94/c07107715d621076863ee88b3ddf183fa5e9d4aba5769623c9979828410a/yarl-1.24.2-cp314-cp314t-manylinux2014_armv7l.manylinux_2_17_armv7l.manylinux_2_31_armv7l.whl", hash = "sha256:8cec2a38d70edc10e0e856ceda886af5327a017ccbde8e1de1bd44d300357543", size = 94002, upload-time = "2026-05-19T21:30:37.724Z" },
    { url = "https://files.pythonhosted.org/packages/a9/35/fc1bbdd895b5e4010b8fdd037f7ed3aa289d3863e08231b30231ca9a0815/yarl-1.24.2-cp314-cp314t-manylinux2014_ppc64le.manylinux_2_17_ppc64le.manylinux_2_28_ppc64le.whl", hash = "sha256:e7484b9361ed222ee1ca5b4337aa4cbdcc4618ce5aff57d9ef1582fd95893fc0", size = 106524, upload-time = "2026-05-19T21:30:40.196Z" },
    { url = "https://files.pythonhosted.org/packages/1f/f2/32b66d0a4ba47c296cf86d03e2c67bff58399fe6d6d84d5205c04c66cc6d/yarl-1.24.2-cp314-cp314t-manylinux2014_s390x.manylinux_2_17_s390x.manylinux_2_28_s390x.whl", hash = "sha256:84f9670b89f34db07f81e53aee83e0b938a3412329d51c8f922488be7fcc4024", size = 106165, upload-time = "2026-05-19T21:30:41.888Z" },
    { url = "https://files.pythonhosted.org/packages/95/47/37cb5ff50c5e825d4d38e81bb04d1b7e96bf960f7ab89f9850b162f3f114/yarl-1.24.2-cp314-cp314t-manylinux2014_x86_64.manylinux_2_17_x86_64.manylinux_2_28_x86_64.whl", hash = "sha256:abb2759733d63a28b4956500a5dd57140f26486c92b2caedfb964ab7d9b79dbf", size = 103010, upload-time = "2026-05-19T21:30:43.985Z" },
    { url = "https://files.pythonhosted.org/packages/6f/d2/4597912315096f7bb359e46e13bf8b60994fcbb2db29b804c0902ef4eff5/yarl-1.24.2-cp314-cp314t-manylinux_2_31_riscv64.manylinux_2_39_riscv64.whl", hash = "sha256:081c2bf54efe03774d0311172bc04fedf9ca01e644d4cd8c805688e527209bdc", size = 101128, upload-time = "2026-05-19T21:30:46.291Z" },
    { url = "https://files.pythonhosted.org/packages/b9/d5/c8e86e120521e646013d02a8e3b8884392e28494be8f392366e50d208efc/yarl-1.24.2-cp314-cp314t-musllinux_1_2_aarch64.whl", hash = "sha256:86746bef442aa479107fe28132e1277237f9c24c2f00b0b0cf22b3ee0904f2bb", size = 101382, upload-time = "2026-05-19T21:30:48.085Z" },
    { url = "https://files.pythonhosted.org/packages/fa/98/70b229236118f89dbeb739b76f10225bbf53b5497725502594c9a01d699a/yarl-1.24.2-cp314-cp314t-musllinux_1_2_armv7l.whl", hash = "sha256:2d07d21d0bc4b17558e8de0b02fbfdf1e347d3bb3699edd00bb92e7c57925420", size = 95964, upload-time = "2026-05-19T21:30:49.785Z" },
    { url = "https://files.pythonhosted.org/packages/87/f8/56c386981e3c8648d279fdef2397ffec577e8320fd5649745e34d54faeb7/yarl-1.24.2-cp314-cp314t-musllinux_1_2_ppc64le.whl", hash = "sha256:4fb1ac3fc5fecd8ae7453ea237e4d22b49befa70266dfe1629924245c21a0c7f", size = 106204, upload-time = "2026-05-19T21:30:51.862Z" },
    { url = "https://files.pythonhosted.org/packages/1a/1e/765afe97811ca35933e2a7de70ac57b1997ea2e4ee895719ee7a231fb7e5/yarl-1.24.2-cp314-cp314t-musllinux_1_2_riscv64.whl", hash = "sha256:4da31a5512ed1729ca8d8aacde3f7faeb8843cde3165d6bcf7f88f74f17bb8aa", size = 101510, upload-time = "2026-05-19T21:30:53.62Z" },
    { url = "https://files.pythonhosted.org/packages/ee/78/393913f4b9039e1edd09ae8a9bbb9d539be909a8abf6d8a2084585bed4b7/yarl-1.24.2-cp314-cp314t-musllinux_1_2_s390x.whl", hash = "sha256:533ded4dceb5f1f3da7906244f4e82cf46cfd40d84c69a1faf5ac506aa65ecbe", size = 105584, upload-time = "2026-05-19T21:30:55.962Z" },
    { url = "https://files.pythonhosted.org/packages/78/87/deb17b7049bbe74ea11a713b86f8f27800cc1c8648b0b797243ebb4830ba/yarl-1.24.2-cp314-cp314t-musllinux_1_2_x86_64.whl", hash = "sha256:7b3a85525f6e7eeabcfdd372862b21ee1915db1b498a04e8bf0e389b607ff0bd", size = 103410, upload-time = "2026-05-19T21:30:57.962Z" },
    { url = "https://files.pythonhosted.org/packages/8f/be/f9f7594e23b5b93affff0318e4593c1920331bcaefda326cabcad94296a1/yarl-1.24.2-cp314-cp314t-win_amd64.whl", hash = "sha256:a7624b1ca46ca5d7b864ef0d2f8efe3091454085ee1855b4e992314529972215", size = 102980, upload-time = "2026-05-19T21:30:59.735Z" },
    { url = "https://files.pythonhosted.org/packages/65/a4/ba80dccd3593ff1f01051a818694d07b58cb8232677ee9a22a5a1f93a9fc/yarl-1.24.2-cp314-cp314t-win_arm64.whl", hash = "sha256:e434a45ce2e7a947f951fc5a8944c8cc080b7e59f9c50ae80fd39107cf88126d", size = 91219, upload-time = "2026-05-19T21:31:01.934Z" },
    { url = "https://files.pythonhosted.org/packages/fd/4d/4b880086bd0d3e034d25647be1d830afc3e3f610e98c4ab3490af6b1b6d5/yarl-1.24.2-py3-none-any.whl", hash = "sha256:2783d9226db8797636cd6896e4de81feed252d1db72265686c9558d97a4d94b9", size = 53576, upload-time = "2026-05-19T21:31:03.909Z" },
]

